// !$*UTF8*$!
{
	archiveVersion = 1;
	classes = {
	};
	objectVersion = 50;
	objects = {

/* Begin PBXBuildFile section */
		E102B9F823BA851700FDE3BA /* AppDelegate.swift in Sources */ = {isa = PBXBuildFile; fileRef = E102B9F723BA851700FDE3BA /* AppDelegate.swift */; };
		E102B9FA23BA851700FDE3BA /* MainView.swift in Sources */ = {isa = PBXBuildFile; fileRef = E102B9F923BA851700FDE3BA /* MainView.swift */; };
		E102B9FC23BA851800FDE3BA /* Assets.xcassets in Resources */ = {isa = PBXBuildFile; fileRef = E102B9FB23BA851800FDE3BA /* Assets.xcassets */; };
		E102B9FF23BA851800FDE3BA /* Preview Assets.xcassets in Resources */ = {isa = PBXBuildFile; fileRef = E102B9FE23BA851800FDE3BA /* Preview Assets.xcassets */; };
		E102BA0223BA851800FDE3BA /* Main.storyboard in Resources */ = {isa = PBXBuildFile; fileRef = E102BA0023BA851800FDE3BA /* Main.storyboard */; };
		E102BA0D23BA891D00FDE3BA /* HelloView.swift in Sources */ = {isa = PBXBuildFile; fileRef = E102BA0C23BA891D00FDE3BA /* HelloView.swift */; };
		E102BA1023BAA3A200FDE3BA /* InputView.swift in Sources */ = {isa = PBXBuildFile; fileRef = E102BA0F23BAA3A200FDE3BA /* InputView.swift */; };
		E102BA1223BAA81800FDE3BA /* README.md in Resources */ = {isa = PBXBuildFile; fileRef = E102BA1123BAA81800FDE3BA /* README.md */; };
		E102BA1423BAA8CD00FDE3BA /* OtherBindings.swift in Sources */ = {isa = PBXBuildFile; fileRef = E102BA1323BAA8CD00FDE3BA /* OtherBindings.swift */; };
		E102BA1623BAAED200FDE3BA /* InferComplexType.swift in Sources */ = {isa = PBXBuildFile; fileRef = E102BA1523BAAED200FDE3BA /* InferComplexType.swift */; };
		E102BA1823BAB6FC00FDE3BA /* VideoView.swift in Sources */ = {isa = PBXBuildFile; fileRef = E102BA1723BAB6FC00FDE3BA /* VideoView.swift */; };
		E102BA2023BACA2600FDE3BA /* FakeError.swift in Sources */ = {isa = PBXBuildFile; fileRef = E102BA1F23BACA2600FDE3BA /* FakeError.swift */; };
		E102BA2223BACF0E00FDE3BA /* View+SwiftUITalk.swift in Sources */ = {isa = PBXBuildFile; fileRef = E102BA2123BACF0E00FDE3BA /* View+SwiftUITalk.swift */; };
/* End PBXBuildFile section */

/* Begin PBXFileReference section */
		E102B9F423BA851700FDE3BA /* SwiftUITalk.app */ = {isa = PBXFileReference; explicitFileType = wrapper.application; includeInIndex = 0; path = SwiftUITalk.app; sourceTree = BUILT_PRODUCTS_DIR; };
		E102B9F723BA851700FDE3BA /* AppDelegate.swift */ = {isa = PBXFileReference; lastKnownFileType = sourcecode.swift; path = AppDelegate.swift; sourceTree = "<group>"; };
		E102B9F923BA851700FDE3BA /* MainView.swift */ = {isa = PBXFileReference; lastKnownFileType = sourcecode.swift; path = MainView.swift; sourceTree = "<group>"; };
		E102B9FB23BA851800FDE3BA /* Assets.xcassets */ = {isa = PBXFileReference; lastKnownFileType = folder.assetcatalog; path = Assets.xcassets; sourceTree = "<group>"; };
		E102B9FE23BA851800FDE3BA /* Preview Assets.xcassets */ = {isa = PBXFileReference; lastKnownFileType = folder.assetcatalog; path = "Preview Assets.xcassets"; sourceTree = "<group>"; };
		E102BA0123BA851800FDE3BA /* Base */ = {isa = PBXFileReference; lastKnownFileType = file.storyboard; name = Base; path = Base.lproj/Main.storyboard; sourceTree = "<group>"; };
		E102BA0323BA851800FDE3BA /* Info.plist */ = {isa = PBXFileReference; lastKnownFileType = text.plist.xml; path = Info.plist; sourceTree = "<group>"; };
		E102BA0423BA851800FDE3BA /* SwiftUITalk.entitlements */ = {isa = PBXFileReference; lastKnownFileType = text.plist.entitlements; path = SwiftUITalk.entitlements; sourceTree = "<group>"; };
		E102BA0C23BA891D00FDE3BA /* HelloView.swift */ = {isa = PBXFileReference; lastKnownFileType = sourcecode.swift; path = HelloView.swift; sourceTree = "<group>"; };
		E102BA0F23BAA3A200FDE3BA /* InputView.swift */ = {isa = PBXFileReference; lastKnownFileType = sourcecode.swift; path = InputView.swift; sourceTree = "<group>"; };
		E102BA1123BAA81800FDE3BA /* README.md */ = {isa = PBXFileReference; fileEncoding = 4; lastKnownFileType = net.daringfireball.markdown; path = README.md; sourceTree = "<group>"; };
		E102BA1323BAA8CD00FDE3BA /* OtherBindings.swift */ = {isa = PBXFileReference; lastKnownFileType = sourcecode.swift; path = OtherBindings.swift; sourceTree = "<group>"; };
		E102BA1523BAAED200FDE3BA /* InferComplexType.swift */ = {isa = PBXFileReference; lastKnownFileType = sourcecode.swift; path = InferComplexType.swift; sourceTree = "<group>"; };
		E102BA1723BAB6FC00FDE3BA /* VideoView.swift */ = {isa = PBXFileReference; lastKnownFileType = sourcecode.swift; path = VideoView.swift; sourceTree = "<group>"; };
		E102BA1F23BACA2600FDE3BA /* FakeError.swift */ = {isa = PBXFileReference; lastKnownFileType = sourcecode.swift; path = FakeError.swift; sourceTree = "<group>"; };
		E102BA2123BACF0E00FDE3BA /* View+SwiftUITalk.swift */ = {isa = PBXFileReference; lastKnownFileType = sourcecode.swift; path = "View+SwiftUITalk.swift"; sourceTree = "<group>"; };
/* End PBXFileReference section */

/* Begin PBXFrameworksBuildPhase section */
		E102B9F123BA851700FDE3BA /* Frameworks */ = {
			isa = PBXFrameworksBuildPhase;
			buildActionMask = 2147483647;
			files = (
			);
			runOnlyForDeploymentPostprocessing = 0;
		};
/* End PBXFrameworksBuildPhase section */

/* Begin PBXGroup section */
		E102B9EB23BA851700FDE3BA = {
			isa = PBXGroup;
			children = (
				E102BA1123BAA81800FDE3BA /* README.md */,
				E102B9F623BA851700FDE3BA /* SwiftUITalk */,
				E102B9F523BA851700FDE3BA /* Products */,
			);
			sourceTree = "<group>";
		};
		E102B9F523BA851700FDE3BA /* Products */ = {
			isa = PBXGroup;
			children = (
				E102B9F423BA851700FDE3BA /* SwiftUITalk.app */,
			);
			name = Products;
			sourceTree = "<group>";
		};
		E102B9F623BA851700FDE3BA /* SwiftUITalk */ = {
			isa = PBXGroup;
			children = (
				E102BA0E23BAA38A00FDE3BA /* Slides */,
				E102B9F723BA851700FDE3BA /* AppDelegate.swift */,
				E102BA1F23BACA2600FDE3BA /* FakeError.swift */,
				E102B9F923BA851700FDE3BA /* MainView.swift */,
				E102BA1723BAB6FC00FDE3BA /* VideoView.swift */,
				E102BA2123BACF0E00FDE3BA /* View+SwiftUITalk.swift */,
				E102B9FB23BA851800FDE3BA /* Assets.xcassets */,
				E102BA0023BA851800FDE3BA /* Main.storyboard */,
				E102BA0323BA851800FDE3BA /* Info.plist */,
				E102BA0423BA851800FDE3BA /* SwiftUITalk.entitlements */,
				E102B9FD23BA851800FDE3BA /* Preview Content */,
			);
			path = SwiftUITalk;
			sourceTree = "<group>";
		};
		E102B9FD23BA851800FDE3BA /* Preview Content */ = {
			isa = PBXGroup;
			children = (
				E102B9FE23BA851800FDE3BA /* Preview Assets.xcassets */,
			);
			path = "Preview Content";
			sourceTree = "<group>";
		};
		E102BA0E23BAA38A00FDE3BA /* Slides */ = {
			isa = PBXGroup;
			children = (
				E102BA0C23BA891D00FDE3BA /* HelloView.swift */,
				E102BA0F23BAA3A200FDE3BA /* InputView.swift */,
				E102BA1323BAA8CD00FDE3BA /* OtherBindings.swift */,
				E102BA1523BAAED200FDE3BA /* InferComplexType.swift */,
			);
			path = Slides;
			sourceTree = "<group>";
		};
/* End PBXGroup section */

/* Begin PBXNativeTarget section */
		E102B9F323BA851700FDE3BA /* SwiftUITalk */ = {
			isa = PBXNativeTarget;
			buildConfigurationList = E102BA0723BA851800FDE3BA /* Build configuration list for PBXNativeTarget "SwiftUITalk" */;
			buildPhases = (
				E102B9F023BA851700FDE3BA /* Sources */,
				E102B9F123BA851700FDE3BA /* Frameworks */,
				E102B9F223BA851700FDE3BA /* Resources */,
			);
			buildRules = (
			);
			dependencies = (
			);
			name = SwiftUITalk;
			productName = SwiftUITalk;
			productReference = E102B9F423BA851700FDE3BA /* SwiftUITalk.app */;
			productType = "com.apple.product-type.application";
		};
/* End PBXNativeTarget section */

/* Begin PBXProject section */
		E102B9EC23BA851700FDE3BA /* Project object */ = {
			isa = PBXProject;
			attributes = {
				LastSwiftUpdateCheck = 1130;
				LastUpgradeCheck = 1130;
				ORGANIZATIONNAME = "Robert Wallis";
				TargetAttributes = {
					E102B9F323BA851700FDE3BA = {
						CreatedOnToolsVersion = 11.3;
					};
				};
			};
			buildConfigurationList = E102B9EF23BA851700FDE3BA /* Build configuration list for PBXProject "SwiftUITalk" */;
			compatibilityVersion = "Xcode 9.3";
			developmentRegion = en;
			hasScannedForEncodings = 0;
			knownRegions = (
				en,
				Base,
			);
			mainGroup = E102B9EB23BA851700FDE3BA;
			productRefGroup = E102B9F523BA851700FDE3BA /* Products */;
			projectDirPath = "";
			projectRoot = "";
			targets = (
				E102B9F323BA851700FDE3BA /* SwiftUITalk */,
			);
		};
/* End PBXProject section */

/* Begin PBXResourcesBuildPhase section */
		E102B9F223BA851700FDE3BA /* Resources */ = {
			isa = PBXResourcesBuildPhase;
			buildActionMask = 2147483647;
			files = (
				E102BA0223BA851800FDE3BA /* Main.storyboard in Resources */,
				E102B9FF23BA851800FDE3BA /* Preview Assets.xcassets in Resources */,
				E102BA1223BAA81800FDE3BA /* README.md in Resources */,
				E102B9FC23BA851800FDE3BA /* Assets.xcassets in Resources */,
			);
			runOnlyForDeploymentPostprocessing = 0;
		};
/* End PBXResourcesBuildPhase section */

/* Begin PBXSourcesBuildPhase section */
		E102B9F023BA851700FDE3BA /* Sources */ = {
			isa = PBXSourcesBuildPhase;
			buildActionMask = 2147483647;
			files = (
				E102BA1423BAA8CD00FDE3BA /* OtherBindings.swift in Sources */,
				E102BA1823BAB6FC00FDE3BA /* VideoView.swift in Sources */,
				E102BA0D23BA891D00FDE3BA /* HelloView.swift in Sources */,
				E102BA2023BACA2600FDE3BA /* FakeError.swift in Sources */,
				E102BA1023BAA3A200FDE3BA /* InputView.swift in Sources */,
				E102B9FA23BA851700FDE3BA /* MainView.swift in Sources */,
				E102BA1623BAAED200FDE3BA /* InferComplexType.swift in Sources */,
				E102BA2223BACF0E00FDE3BA /* View+SwiftUITalk.swift in Sources */,
				E102B9F823BA851700FDE3BA /* AppDelegate.swift in Sources */,
			);
			runOnlyForDeploymentPostprocessing = 0;
		};
/* End PBXSourcesBuildPhase section */

/* Begin PBXVariantGroup section */
		E102BA0023BA851800FDE3BA /* Main.storyboard */ = {
			isa = PBXVariantGroup;
			children = (
				E102BA0123BA851800FDE3BA /* Base */,
			);
			name = Main.storyboard;
			sourceTree = "<group>";
		};
/* End PBXVariantGroup section */

/* Begin XCBuildConfiguration section */
		E102BA0523BA851800FDE3BA /* Debug */ = {
			isa = XCBuildConfiguration;
			buildSettings = {
				ALWAYS_SEARCH_USER_PATHS = NO;
				CLANG_ANALYZER_NONNULL = YES;
				CLANG_ANALYZER_NUMBER_OBJECT_CONVERSION = YES_AGGRESSIVE;
				CLANG_CXX_LANGUAGE_STANDARD = "gnu++14";
				CLANG_CXX_LIBRARY = "libc++";
				CLANG_ENABLE_MODULES = YES;
				CLANG_ENABLE_OBJC_ARC = YES;
				CLANG_ENABLE_OBJC_WEAK = YES;
				CLANG_WARN_BLOCK_CAPTURE_AUTORELEASING = YES;
				CLANG_WARN_BOOL_CONVERSION = YES;
				CLANG_WARN_COMMA = YES;
				CLANG_WARN_CONSTANT_CONVERSION = YES;
				CLANG_WARN_DEPRECATED_OBJC_IMPLEMENTATIONS = YES;
				CLANG_WARN_DIRECT_OBJC_ISA_USAGE = YES_ERROR;
				CLANG_WARN_DOCUMENTATION_COMMENTS = YES;
				CLANG_WARN_EMPTY_BODY = YES;
				CLANG_WARN_ENUM_CONVERSION = YES;
				CLANG_WARN_INFINITE_RECURSION = YES;
				CLANG_WARN_INT_CONVERSION = YES;
				CLANG_WARN_NON_LITERAL_NULL_CONVERSION = YES;
				CLANG_WARN_OBJC_IMPLICIT_RETAIN_SELF = YES;
				CLANG_WARN_OBJC_LITERAL_CONVERSION = YES;
				CLANG_WARN_OBJC_ROOT_CLASS = YES_ERROR;
				CLANG_WARN_RANGE_LOOP_ANALYSIS = YES;
				CLANG_WARN_STRICT_PROTOTYPES = YES;
				CLANG_WARN_SUSPICIOUS_MOVE = YES;
				CLANG_WARN_UNGUARDED_AVAILABILITY = YES_AGGRESSIVE;
				CLANG_WARN_UNREACHABLE_CODE = YES;
				CLANG_WARN__DUPLICATE_METHOD_MATCH = YES;
				COPY_PHASE_STRIP = NO;
				DEBUG_INFORMATION_FORMAT = dwarf;
				ENABLE_STRICT_OBJC_MSGSEND = YES;
				ENABLE_TESTABILITY = YES;
				GCC_C_LANGUAGE_STANDARD = gnu11;
				GCC_DYNAMIC_NO_PIC = NO;
				GCC_NO_COMMON_BLOCKS = YES;
				GCC_OPTIMIZATION_LEVEL = 0;
				GCC_PREPROCESSOR_DEFINITIONS = (
					"DEBUG=1",
					"$(inherited)",
				);
				GCC_WARN_64_TO_32_BIT_CONVERSION = YES;
				GCC_WARN_ABOUT_RETURN_TYPE = YES_ERROR;
				GCC_WARN_UNDECLARED_SELECTOR = YES;
				GCC_WARN_UNINITIALIZED_AUTOS = YES_AGGRESSIVE;
				GCC_WARN_UNUSED_FUNCTION = YES;
				GCC_WARN_UNUSED_VARIABLE = YES;
				MACOSX_DEPLOYMENT_TARGET = 10.15;
				MTL_ENABLE_DEBUG_INFO = INCLUDE_SOURCE;
				MTL_FAST_MATH = YES;
				ONLY_ACTIVE_ARCH = YES;
				SDKROOT = macosx;
				SWIFT_ACTIVE_COMPILATION_CONDITIONS = DEBUG;
				SWIFT_OPTIMIZATION_LEVEL = "-Onone";
			};
			name = Debug;
		};
		E102BA0623BA851800FDE3BA /* Release */ = {
			isa = XCBuildConfiguration;
			buildSettings = {
				ALWAYS_SEARCH_USER_PATHS = NO;
				CLANG_ANALYZER_NONNULL = YES;
				CLANG_ANALYZER_NUMBER_OBJECT_CONVERSION = YES_AGGRESSIVE;
				CLANG_CXX_LANGUAGE_STANDARD = "gnu++14";
				CLANG_CXX_LIBRARY = "libc++";
				CLANG_ENABLE_MODULES = YES;
				CLANG_ENABLE_OBJC_ARC = YES;
				CLANG_ENABLE_OBJC_WEAK = YES;
				CLANG_WARN_BLOCK_CAPTURE_AUTORELEASING = YES;
				CLANG_WARN_BOOL_CONVERSION = YES;
				CLANG_WARN_COMMA = YES;
				CLANG_WARN_CONSTANT_CONVERSION = YES;
				CLANG_WARN_DEPRECATED_OBJC_IMPLEMENTATIONS = YES;
				CLANG_WARN_DIRECT_OBJC_ISA_USAGE = YES_ERROR;
				CLANG_WARN_DOCUMENTATION_COMMENTS = YES;
				CLANG_WARN_EMPTY_BODY = YES;
				CLANG_WARN_ENUM_CONVERSION = YES;
				CLANG_WARN_INFINITE_RECURSION = YES;
				CLANG_WARN_INT_CONVERSION = YES;
				CLANG_WARN_NON_LITERAL_NULL_CONVERSION = YES;
				CLANG_WARN_OBJC_IMPLICIT_RETAIN_SELF = YES;
				CLANG_WARN_OBJC_LITERAL_CONVERSION = YES;
				CLANG_WARN_OBJC_ROOT_CLASS = YES_ERROR;
				CLANG_WARN_RANGE_LOOP_ANALYSIS = YES;
				CLANG_WARN_STRICT_PROTOTYPES = YES;
				CLANG_WARN_SUSPICIOUS_MOVE = YES;
				CLANG_WARN_UNGUARDED_AVAILABILITY = YES_AGGRESSIVE;
				CLANG_WARN_UNREACHABLE_CODE = YES;
				CLANG_WARN__DUPLICATE_METHOD_MATCH = YES;
				COPY_PHASE_STRIP = NO;
				DEBUG_INFORMATION_FORMAT = "dwarf-with-dsym";
				ENABLE_NS_ASSERTIONS = NO;
				ENABLE_STRICT_OBJC_MSGSEND = YES;
				GCC_C_LANGUAGE_STANDARD = gnu11;
				GCC_NO_COMMON_BLOCKS = YES;
				GCC_WARN_64_TO_32_BIT_CONVERSION = YES;
				GCC_WARN_ABOUT_RETURN_TYPE = YES_ERROR;
				GCC_WARN_UNDECLARED_SELECTOR = YES;
				GCC_WARN_UNINITIALIZED_AUTOS = YES_AGGRESSIVE;
				GCC_WARN_UNUSED_FUNCTION = YES;
				GCC_WARN_UNUSED_VARIABLE = YES;
				MACOSX_DEPLOYMENT_TARGET = 10.15;
				MTL_ENABLE_DEBUG_INFO = NO;
				MTL_FAST_MATH = YES;
				SDKROOT = macosx;
				SWIFT_COMPILATION_MODE = wholemodule;
				SWIFT_OPTIMIZATION_LEVEL = "-O";
			};
			name = Release;
		};
		E102BA0823BA851800FDE3BA /* Debug */ = {
			isa = XCBuildConfiguration;
			buildSettings = {
				ASSETCATALOG_COMPILER_APPICON_NAME = AppIcon;
				CODE_SIGN_ENTITLEMENTS = SwiftUITalk/SwiftUITalk.entitlements;
				CODE_SIGN_STYLE = Automatic;
				COMBINE_HIDPI_IMAGES = YES;
				DEVELOPMENT_ASSET_PATHS = "\"SwiftUITalk/Preview Content\"";
				DEVELOPMENT_TEAM = N7KJAM482Z;
				ENABLE_HARDENED_RUNTIME = YES;
				ENABLE_PREVIEWS = YES;
				INFOPLIST_FILE = SwiftUITalk/Info.plist;
				LD_RUNPATH_SEARCH_PATHS = (
					"$(inherited)",
					"@executable_path/../Frameworks",
				);
				MACOSX_DEPLOYMENT_TARGET = 10.15;
				PRODUCT_BUNDLE_IDENTIFIER = com.smilingrob.SwiftUITalk;
				PRODUCT_NAME = "$(TARGET_NAME)";
				SWIFT_VERSION = 5.0;
			};
			name = Debug;
		};
		E102BA0923BA851800FDE3BA /* Release */ = {
			isa = XCBuildConfiguration;
			buildSettings = {
				ASSETCATALOG_COMPILER_APPICON_NAME = AppIcon;
				CODE_SIGN_ENTITLEMENTS = SwiftUITalk/SwiftUITalk.entitlements;
				CODE_SIGN_STYLE = Automatic;
				COMBINE_HIDPI_IMAGES = YES;
				DEVELOPMENT_ASSET_PATHS = "\"SwiftUITalk/Preview Content\"";
				DEVELOPMENT_TEAM = N7KJAM482Z;
				ENABLE_HARDENED_RUNTIME = YES;
				ENABLE_PREVIEWS = YES;
				INFOPLIST_FILE = SwiftUITalk/Info.plist;
				LD_RUNPATH_SEARCH_PATHS = (
					"$(inherited)",
					"@executable_path/../Frameworks",
				);
				MACOSX_DEPLOYMENT_TARGET = 10.15;
				PRODUCT_BUNDLE_IDENTIFIER = com.smilingrob.SwiftUITalk;
				PRODUCT_NAME = "$(TARGET_NAME)";
				SWIFT_VERSION = 5.0;
			};
			name = Release;
		};
/* End XCBuildConfiguration section */

/* Begin XCConfigurationList section */
		E102B9EF23BA851700FDE3BA /* Build configuration list for PBXProject "SwiftUITalk" */ = {
			isa = XCConfigurationList;
			buildConfigurations = (
				E102BA0523BA851800FDE3BA /* Debug */,
				E102BA0623BA851800FDE3BA /* Release */,
			);
			defaultConfigurationIsVisible = 0;
			defaultConfigurationName = Release;
		};
		E102BA0723BA851800FDE3BA /* Build configuration list for PBXNativeTarget "SwiftUITalk" */ = {
			isa = XCConfigurationList;
			buildConfigurations = (
				E102BA0823BA851800FDE3BA /* Debug */,
				E102BA0923BA851800FDE3BA /* Release */,
			);
			defaultConfigurationIsVisible = 0;
			defaultConfigurationName = Release;
		};
/* End XCConfigurationList section */
	};
	rootObject = E102B9EC23BA851700FDE3BA /* Project object */;
}
