// !$*UTF8*$!
{
	archiveVersion = 1;
	classes = {
	};
	objectVersion = 50;
	objects = {

/* Begin PBXBuildFile section */
		E13E4D9C23BDC0C600BB6CDE /* Preview Assets.xcassets in Resources */ = {isa = PBXBuildFile; fileRef = E13E4D9B23BDC0C600BB6CDE /* Preview Assets.xcassets */; };
		E13E4D9F23BDC0C600BB6CDE /* LaunchScreen.storyboard in Resources */ = {isa = PBXBuildFile; fileRef = E13E4D9D23BDC0C600BB6CDE /* LaunchScreen.storyboard */; };
		E13E4DA923BDC1E800BB6CDE /* AppDelegate.swift in Sources */ = {isa = PBXBuildFile; fileRef = E13E4D9223BDC0C500BB6CDE /* AppDelegate.swift */; };
		E13E4DAA23BDC1E800BB6CDE /* SceneDelegate.swift in Sources */ = {isa = PBXBuildFile; fileRef = E13E4D9423BDC0C500BB6CDE /* SceneDelegate.swift */; };
		E13E4DAB23BDC1E800BB6CDE /* FakeError.swift in Sources */ = {isa = PBXBuildFile; fileRef = E102BA1F23BACA2600FDE3BA /* FakeError.swift */; };
		E13E4DAC23BDC1E800BB6CDE /* MainView.swift in Sources */ = {isa = PBXBuildFile; fileRef = E102B9F923BA851700FDE3BA /* MainView.swift */; };
		E13E4DAD23BDC1E800BB6CDE /* View+SwiftUITalk.swift in Sources */ = {isa = PBXBuildFile; fileRef = E102BA2123BACF0E00FDE3BA /* View+SwiftUITalk.swift */; };
		E13E4DB423BDC1EE00BB6CDE /* HelloView.swift in Sources */ = {isa = PBXBuildFile; fileRef = E102BA0C23BA891D00FDE3BA /* HelloView.swift */; };
		E13E4DB523BDC1EE00BB6CDE /* InputView.swift in Sources */ = {isa = PBXBuildFile; fileRef = E102BA0F23BAA3A200FDE3BA /* InputView.swift */; };
		E13E4DB623BDC1EE00BB6CDE /* OtherBindings.swift in Sources */ = {isa = PBXBuildFile; fileRef = E102BA1323BAA8CD00FDE3BA /* OtherBindings.swift */; };
		E13E4DB723BDC1EE00BB6CDE /* ObservationsView.swift in Sources */ = {isa = PBXBuildFile; fileRef = E102BA2323BAD2B200FDE3BA /* ObservationsView.swift */; };
		E13E4DB823BDC1EE00BB6CDE /* InstanceMemberPreview.swift in Sources */ = {isa = PBXBuildFile; fileRef = E13E4D6723BDB7A200BB6CDE /* InstanceMemberPreview.swift */; };
		E13E4DB923BDC1EE00BB6CDE /* InferComplexType.swift in Sources */ = {isa = PBXBuildFile; fileRef = E102BA1523BAAED200FDE3BA /* InferComplexType.swift */; };
		E13E4DBA23BDC1EE00BB6CDE /* OpaqueReturn.swift in Sources */ = {isa = PBXBuildFile; fileRef = E13E4D6923BDBAB200BB6CDE /* OpaqueReturn.swift */; };
		E13E4DBB23BDC22800BB6CDE /* Assets.xcassets in Resources */ = {isa = PBXBuildFile; fileRef = E102B9FB23BA851800FDE3BA /* Assets.xcassets */; };
		E13E4DBD23BE5F5B00BB6CDE /* ResourcesView.swift in Sources */ = {isa = PBXBuildFile; fileRef = E13E4DBC23BE5F5A00BB6CDE /* ResourcesView.swift */; };
		E1DCBE6C23BE672600231A86 /* KeyboardResponder.swift in Sources */ = {isa = PBXBuildFile; fileRef = E1DCBE6B23BE672600231A86 /* KeyboardResponder.swift */; };
		E1DCBE6E23BE679300231A86 /* KeyboardView.swift in Sources */ = {isa = PBXBuildFile; fileRef = E1DCBE6D23BE679300231A86 /* KeyboardView.swift */; };
		E1DCBE7023BE6CA900231A86 /* ListMoveCrash.swift in Sources */ = {isa = PBXBuildFile; fileRef = E1DCBE6F23BE6CA900231A86 /* ListMoveCrash.swift */; };
		E1DCBE7223BE77A500231A86 /* UnrelatedTypeErrorsView.swift in Sources */ = {isa = PBXBuildFile; fileRef = E1DCBE7123BE77A500231A86 /* UnrelatedTypeErrorsView.swift */; };
		E1DCBE7423BE797A00231A86 /* CombineStoreView.swift in Sources */ = {isa = PBXBuildFile; fileRef = E1DCBE7323BE797A00231A86 /* CombineStoreView.swift */; };
/* End PBXBuildFile section */

/* Begin PBXFileReference section */
		E102B9F923BA851700FDE3BA /* MainView.swift */ = {isa = PBXFileReference; lastKnownFileType = sourcecode.swift; path = MainView.swift; sourceTree = "<group>"; };
		E102B9FB23BA851800FDE3BA /* Assets.xcassets */ = {isa = PBXFileReference; lastKnownFileType = folder.assetcatalog; path = Assets.xcassets; sourceTree = "<group>"; };
		E102BA0C23BA891D00FDE3BA /* HelloView.swift */ = {isa = PBXFileReference; lastKnownFileType = sourcecode.swift; path = HelloView.swift; sourceTree = "<group>"; };
		E102BA0F23BAA3A200FDE3BA /* InputView.swift */ = {isa = PBXFileReference; lastKnownFileType = sourcecode.swift; path = InputView.swift; sourceTree = "<group>"; };
		E102BA1123BAA81800FDE3BA /* README.md */ = {isa = PBXFileReference; fileEncoding = 4; lastKnownFileType = net.daringfireball.markdown; path = README.md; sourceTree = "<group>"; };
		E102BA1323BAA8CD00FDE3BA /* OtherBindings.swift */ = {isa = PBXFileReference; lastKnownFileType = sourcecode.swift; path = OtherBindings.swift; sourceTree = "<group>"; };
		E102BA1523BAAED200FDE3BA /* InferComplexType.swift */ = {isa = PBXFileReference; lastKnownFileType = sourcecode.swift; path = InferComplexType.swift; sourceTree = "<group>"; };
		E102BA1F23BACA2600FDE3BA /* FakeError.swift */ = {isa = PBXFileReference; lastKnownFileType = sourcecode.swift; path = FakeError.swift; sourceTree = "<group>"; };
		E102BA2123BACF0E00FDE3BA /* View+SwiftUITalk.swift */ = {isa = PBXFileReference; lastKnownFileType = sourcecode.swift; path = "View+SwiftUITalk.swift"; sourceTree = "<group>"; };
		E102BA2323BAD2B200FDE3BA /* ObservationsView.swift */ = {isa = PBXFileReference; lastKnownFileType = sourcecode.swift; path = ObservationsView.swift; sourceTree = "<group>"; };
		E13E4D6723BDB7A200BB6CDE /* InstanceMemberPreview.swift */ = {isa = PBXFileReference; lastKnownFileType = sourcecode.swift; path = InstanceMemberPreview.swift; sourceTree = "<group>"; };
		E13E4D6923BDBAB200BB6CDE /* OpaqueReturn.swift */ = {isa = PBXFileReference; lastKnownFileType = sourcecode.swift; path = OpaqueReturn.swift; sourceTree = "<group>"; };
		E13E4D9023BDC0C500BB6CDE /* SwiftUI Talk.app */ = {isa = PBXFileReference; explicitFileType = wrapper.application; includeInIndex = 0; path = "SwiftUI Talk.app"; sourceTree = BUILT_PRODUCTS_DIR; };
		E13E4D9223BDC0C500BB6CDE /* AppDelegate.swift */ = {isa = PBXFileReference; lastKnownFileType = sourcecode.swift; path = AppDelegate.swift; sourceTree = "<group>"; };
		E13E4D9423BDC0C500BB6CDE /* SceneDelegate.swift */ = {isa = PBXFileReference; lastKnownFileType = sourcecode.swift; path = SceneDelegate.swift; sourceTree = "<group>"; };
		E13E4D9B23BDC0C600BB6CDE /* Preview Assets.xcassets */ = {isa = PBXFileReference; lastKnownFileType = folder.assetcatalog; path = "Preview Assets.xcassets"; sourceTree = "<group>"; };
		E13E4D9E23BDC0C600BB6CDE /* Base */ = {isa = PBXFileReference; lastKnownFileType = file.storyboard; name = Base; path = Base.lproj/LaunchScreen.storyboard; sourceTree = "<group>"; };
		E13E4DA023BDC0C600BB6CDE /* Info.plist */ = {isa = PBXFileReference; lastKnownFileType = text.plist.xml; path = Info.plist; sourceTree = "<group>"; };
		E13E4DA423BDC0CF00BB6CDE /* SwiftUI Talk.entitlements */ = {isa = PBXFileReference; lastKnownFileType = text.plist.entitlements; path = "SwiftUI Talk.entitlements"; sourceTree = "<group>"; };
		E13E4DBC23BE5F5A00BB6CDE /* ResourcesView.swift */ = {isa = PBXFileReference; lastKnownFileType = sourcecode.swift; path = ResourcesView.swift; sourceTree = "<group>"; };
		E1DCBE6B23BE672600231A86 /* KeyboardResponder.swift */ = {isa = PBXFileReference; lastKnownFileType = sourcecode.swift; path = KeyboardResponder.swift; sourceTree = "<group>"; };
		E1DCBE6D23BE679300231A86 /* KeyboardView.swift */ = {isa = PBXFileReference; lastKnownFileType = sourcecode.swift; path = KeyboardView.swift; sourceTree = "<group>"; };
		E1DCBE6F23BE6CA900231A86 /* ListMoveCrash.swift */ = {isa = PBXFileReference; lastKnownFileType = sourcecode.swift; path = ListMoveCrash.swift; sourceTree = "<group>"; };
		E1DCBE7123BE77A500231A86 /* UnrelatedTypeErrorsView.swift */ = {isa = PBXFileReference; lastKnownFileType = sourcecode.swift; path = UnrelatedTypeErrorsView.swift; sourceTree = "<group>"; };
		E1DCBE7323BE797A00231A86 /* CombineStoreView.swift */ = {isa = PBXFileReference; lastKnownFileType = sourcecode.swift; path = CombineStoreView.swift; sourceTree = "<group>"; };
/* End PBXFileReference section */

/* Begin PBXFrameworksBuildPhase section */
		E13E4D8D23BDC0C500BB6CDE /* Frameworks */ = {
			isa = PBXFrameworksBuildPhase;
			buildActionMask = 2147483647;
			files = (
			);
			runOnlyForDeploymentPostprocessing = 0;
		};
/* End PBXFrameworksBuildPhase section */

/* Begin PBXGroup section */
		E102B9EB23BA851700FDE3BA = {
			isa = PBXGroup;
			children = (
				E102BA1123BAA81800FDE3BA /* README.md */,
				E13E4D9123BDC0C500BB6CDE /* SwiftUI Talk */,
				E102B9F523BA851700FDE3BA /* Products */,
			);
			sourceTree = "<group>";
		};
		E102B9F523BA851700FDE3BA /* Products */ = {
			isa = PBXGroup;
			children = (
				E13E4D9023BDC0C500BB6CDE /* SwiftUI Talk.app */,
			);
			name = Products;
			sourceTree = "<group>";
		};
		E102BA0E23BAA38A00FDE3BA /* Slides */ = {
			isa = PBXGroup;
			children = (
				E102BA0C23BA891D00FDE3BA /* HelloView.swift */,
				E102BA0F23BAA3A200FDE3BA /* InputView.swift */,
				E102BA1323BAA8CD00FDE3BA /* OtherBindings.swift */,
				E102BA2323BAD2B200FDE3BA /* ObservationsView.swift */,
				E1DCBE7323BE797A00231A86 /* CombineStoreView.swift */,
				E13E4D6723BDB7A200BB6CDE /* InstanceMemberPreview.swift */,
				E1DCBE7123BE77A500231A86 /* UnrelatedTypeErrorsView.swift */,
				E102BA1523BAAED200FDE3BA /* InferComplexType.swift */,
				E13E4D6923BDBAB200BB6CDE /* OpaqueReturn.swift */,
				E1DCBE6F23BE6CA900231A86 /* ListMoveCrash.swift */,
				E1DCBE6D23BE679300231A86 /* KeyboardView.swift */,
				E13E4DBC23BE5F5A00BB6CDE /* ResourcesView.swift */,
			);
			path = Slides;
			sourceTree = "<group>";
		};
		E13E4D9123BDC0C500BB6CDE /* SwiftUI Talk */ = {
			isa = PBXGroup;
			children = (
				E102B9FB23BA851800FDE3BA /* Assets.xcassets */,
				E13E4DA023BDC0C600BB6CDE /* Info.plist */,
				E13E4D9D23BDC0C600BB6CDE /* LaunchScreen.storyboard */,
				E13E4DA423BDC0CF00BB6CDE /* SwiftUI Talk.entitlements */,
				E13E4D9A23BDC0C600BB6CDE /* Preview Content */,
				E13E4D9223BDC0C500BB6CDE /* AppDelegate.swift */,
				E1DCBE6B23BE672600231A86 /* KeyboardResponder.swift */,
				E13E4D9423BDC0C500BB6CDE /* SceneDelegate.swift */,
				E102BA1F23BACA2600FDE3BA /* FakeError.swift */,
				E102B9F923BA851700FDE3BA /* MainView.swift */,
				E102BA2123BACF0E00FDE3BA /* View+SwiftUITalk.swift */,
				E102BA0E23BAA38A00FDE3BA /* Slides */,
			);
			path = "SwiftUI Talk";
			sourceTree = "<group>";
		};
		E13E4D9A23BDC0C600BB6CDE /* Preview Content */ = {
			isa = PBXGroup;
			children = (
				E13E4D9B23BDC0C600BB6CDE /* Preview Assets.xcassets */,
			);
			path = "Preview Content";
			sourceTree = "<group>";
		};
/* End PBXGroup section */

/* Begin PBXNativeTarget section */
		E13E4D8F23BDC0C500BB6CDE /* SwiftUI Talk */ = {
			isa = PBXNativeTarget;
			buildConfigurationList = E13E4DA123BDC0C600BB6CDE /* Build configuration list for PBXNativeTarget "SwiftUI Talk" */;
			buildPhases = (
				E13E4D8C23BDC0C500BB6CDE /* Sources */,
				E13E4D8D23BDC0C500BB6CDE /* Frameworks */,
				E13E4D8E23BDC0C500BB6CDE /* Resources */,
			);
			buildRules = (
			);
			dependencies = (
			);
			name = "SwiftUI Talk";
			productName = "SwiftUI Talk";
			productReference = E13E4D9023BDC0C500BB6CDE /* SwiftUI Talk.app */;
			productType = "com.apple.product-type.application";
		};
/* End PBXNativeTarget section */

/* Begin PBXProject section */
		E102B9EC23BA851700FDE3BA /* Project object */ = {
			isa = PBXProject;
			attributes = {
				LastSwiftUpdateCheck = 1130;
				LastUpgradeCheck = 1130;
				ORGANIZATIONNAME = "Robert Wallis";
				TargetAttributes = {
					E13E4D8F23BDC0C500BB6CDE = {
						CreatedOnToolsVersion = 11.3;
					};
				};
			};
			buildConfigurationList = E102B9EF23BA851700FDE3BA /* Build configuration list for PBXProject "SwiftUITalk" */;
			compatibilityVersion = "Xcode 9.3";
			developmentRegion = en;
			hasScannedForEncodings = 0;
			knownRegions = (
				en,
				Base,
			);
			mainGroup = E102B9EB23BA851700FDE3BA;
			productRefGroup = E102B9F523BA851700FDE3BA /* Products */;
			projectDirPath = "";
			projectRoot = "";
			targets = (
				E13E4D8F23BDC0C500BB6CDE /* SwiftUI Talk */,
			);
		};
/* End PBXProject section */

/* Begin PBXResourcesBuildPhase section */
		E13E4D8E23BDC0C500BB6CDE /* Resources */ = {
			isa = PBXResourcesBuildPhase;
			buildActionMask = 2147483647;
			files = (
				E13E4D9F23BDC0C600BB6CDE /* LaunchScreen.storyboard in Resources */,
				E13E4DBB23BDC22800BB6CDE /* Assets.xcassets in Resources */,
				E13E4D9C23BDC0C600BB6CDE /* Preview Assets.xcassets in Resources */,
			);
			runOnlyForDeploymentPostprocessing = 0;
		};
/* End PBXResourcesBuildPhase section */

/* Begin PBXSourcesBuildPhase section */
		E13E4D8C23BDC0C500BB6CDE /* Sources */ = {
			isa = PBXSourcesBuildPhase;
			buildActionMask = 2147483647;
			files = (
				E1DCBE7223BE77A500231A86 /* UnrelatedTypeErrorsView.swift in Sources */,
				E13E4DB723BDC1EE00BB6CDE /* ObservationsView.swift in Sources */,
				E13E4DB823BDC1EE00BB6CDE /* InstanceMemberPreview.swift in Sources */,
				E1DCBE7023BE6CA900231A86 /* ListMoveCrash.swift in Sources */,
				E13E4DA923BDC1E800BB6CDE /* AppDelegate.swift in Sources */,
				E1DCBE6E23BE679300231A86 /* KeyboardView.swift in Sources */,
				E13E4DB923BDC1EE00BB6CDE /* InferComplexType.swift in Sources */,
				E13E4DB523BDC1EE00BB6CDE /* InputView.swift in Sources */,
				E13E4DAA23BDC1E800BB6CDE /* SceneDelegate.swift in Sources */,
				E13E4DAC23BDC1E800BB6CDE /* MainView.swift in Sources */,
				E13E4DB423BDC1EE00BB6CDE /* HelloView.swift in Sources */,
				E1DCBE7423BE797A00231A86 /* CombineStoreView.swift in Sources */,
				E13E4DBA23BDC1EE00BB6CDE /* OpaqueReturn.swift in Sources */,
				E1DCBE6C23BE672600231A86 /* KeyboardResponder.swift in Sources */,
				E13E4DAD23BDC1E800BB6CDE /* View+SwiftUITalk.swift in Sources */,
				E13E4DB623BDC1EE00BB6CDE /* OtherBindings.swift in Sources */,
				E13E4DBD23BE5F5B00BB6CDE /* ResourcesView.swift in Sources */,
				E13E4DAB23BDC1E800BB6CDE /* FakeError.swift in Sources */,
			);
			runOnlyForDeploymentPostprocessing = 0;
		};
/* End PBXSourcesBuildPhase section */

/* Begin PBXVariantGroup section */
		E13E4D9D23BDC0C600BB6CDE /* LaunchScreen.storyboard */ = {
			isa = PBXVariantGroup;
			children = (
				E13E4D9E23BDC0C600BB6CDE /* Base */,
			);
			name = LaunchScreen.storyboard;
			sourceTree = "<group>";
		};
/* End PBXVariantGroup section */

/* Begin XCBuildConfiguration section */
		E102BA0523BA851800FDE3BA /* Debug */ = {
			isa = XCBuildConfiguration;
			buildSettings = {
				ALWAYS_SEARCH_USER_PATHS = NO;
				CLANG_ANALYZER_NONNULL = YES;
				CLANG_ANALYZER_NUMBER_OBJECT_CONVERSION = YES_AGGRESSIVE;
				CLANG_CXX_LANGUAGE_STANDARD = "gnu++14";
				CLANG_CXX_LIBRARY = "libc++";
				CLANG_ENABLE_MODULES = YES;
				CLANG_ENABLE_OBJC_ARC = YES;
				CLANG_ENABLE_OBJC_WEAK = YES;
				CLANG_WARN_BLOCK_CAPTURE_AUTORELEASING = YES;
				CLANG_WARN_BOOL_CONVERSION = YES;
				CLANG_WARN_COMMA = YES;
				CLANG_WARN_CONSTANT_CONVERSION = YES;
				CLANG_WARN_DEPRECATED_OBJC_IMPLEMENTATIONS = YES;
				CLANG_WARN_DIRECT_OBJC_ISA_USAGE = YES_ERROR;
				CLANG_WARN_DOCUMENTATION_COMMENTS = YES;
				CLANG_WARN_EMPTY_BODY = YES;
				CLANG_WARN_ENUM_CONVERSION = YES;
				CLANG_WARN_INFINITE_RECURSION = YES;
				CLANG_WARN_INT_CONVERSION = YES;
				CLANG_WARN_NON_LITERAL_NULL_CONVERSION = YES;
				CLANG_WARN_OBJC_IMPLICIT_RETAIN_SELF = YES;
				CLANG_WARN_OBJC_LITERAL_CONVERSION = YES;
				CLANG_WARN_OBJC_ROOT_CLASS = YES_ERROR;
				CLANG_WARN_RANGE_LOOP_ANALYSIS = YES;
				CLANG_WARN_STRICT_PROTOTYPES = YES;
				CLANG_WARN_SUSPICIOUS_MOVE = YES;
				CLANG_WARN_UNGUARDED_AVAILABILITY = YES_AGGRESSIVE;
				CLANG_WARN_UNREACHABLE_CODE = YES;
				CLANG_WARN__DUPLICATE_METHOD_MATCH = YES;
				COPY_PHASE_STRIP = NO;
				DEBUG_INFORMATION_FORMAT = dwarf;
				ENABLE_STRICT_OBJC_MSGSEND = YES;
				ENABLE_TESTABILITY = YES;
				GCC_C_LANGUAGE_STANDARD = gnu11;
				GCC_DYNAMIC_NO_PIC = NO;
				GCC_NO_COMMON_BLOCKS = YES;
				GCC_OPTIMIZATION_LEVEL = 0;
				GCC_PREPROCESSOR_DEFINITIONS = (
					"DEBUG=1",
					"$(inherited)",
				);
				GCC_WARN_64_TO_32_BIT_CONVERSION = YES;
				GCC_WARN_ABOUT_RETURN_TYPE = YES_ERROR;
				GCC_WARN_UNDECLARED_SELECTOR = YES;
				GCC_WARN_UNINITIALIZED_AUTOS = YES_AGGRESSIVE;
				GCC_WARN_UNUSED_FUNCTION = YES;
				GCC_WARN_UNUSED_VARIABLE = YES;
				MACOSX_DEPLOYMENT_TARGET = 10.15;
				MTL_ENABLE_DEBUG_INFO = INCLUDE_SOURCE;
				MTL_FAST_MATH = YES;
				ONLY_ACTIVE_ARCH = YES;
				SDKROOT = macosx;
				SWIFT_ACTIVE_COMPILATION_CONDITIONS = DEBUG;
				SWIFT_OPTIMIZATION_LEVEL = "-Onone";
			};
			name = Debug;
		};
		E102BA0623BA851800FDE3BA /* Release */ = {
			isa = XCBuildConfiguration;
			buildSettings = {
				ALWAYS_SEARCH_USER_PATHS = NO;
				CLANG_ANALYZER_NONNULL = YES;
				CLANG_ANALYZER_NUMBER_OBJECT_CONVERSION = YES_AGGRESSIVE;
				CLANG_CXX_LANGUAGE_STANDARD = "gnu++14";
				CLANG_CXX_LIBRARY = "libc++";
				CLANG_ENABLE_MODULES = YES;
				CLANG_ENABLE_OBJC_ARC = YES;
				CLANG_ENABLE_OBJC_WEAK = YES;
				CLANG_WARN_BLOCK_CAPTURE_AUTORELEASING = YES;
				CLANG_WARN_BOOL_CONVERSION = YES;
				CLANG_WARN_COMMA = YES;
				CLANG_WARN_CONSTANT_CONVERSION = YES;
				CLANG_WARN_DEPRECATED_OBJC_IMPLEMENTATIONS = YES;
				CLANG_WARN_DIRECT_OBJC_ISA_USAGE = YES_ERROR;
				CLANG_WARN_DOCUMENTATION_COMMENTS = YES;
				CLANG_WARN_EMPTY_BODY = YES;
				CLANG_WARN_ENUM_CONVERSION = YES;
				CLANG_WARN_INFINITE_RECURSION = YES;
				CLANG_WARN_INT_CONVERSION = YES;
				CLANG_WARN_NON_LITERAL_NULL_CONVERSION = YES;
				CLANG_WARN_OBJC_IMPLICIT_RETAIN_SELF = YES;
				CLANG_WARN_OBJC_LITERAL_CONVERSION = YES;
				CLANG_WARN_OBJC_ROOT_CLASS = YES_ERROR;
				CLANG_WARN_RANGE_LOOP_ANALYSIS = YES;
				CLANG_WARN_STRICT_PROTOTYPES = YES;
				CLANG_WARN_SUSPICIOUS_MOVE = YES;
				CLANG_WARN_UNGUARDED_AVAILABILITY = YES_AGGRESSIVE;
				CLANG_WARN_UNREACHABLE_CODE = YES;
				CLANG_WARN__DUPLICATE_METHOD_MATCH = YES;
				COPY_PHASE_STRIP = NO;
				DEBUG_INFORMATION_FORMAT = "dwarf-with-dsym";
				ENABLE_NS_ASSERTIONS = NO;
				ENABLE_STRICT_OBJC_MSGSEND = YES;
				GCC_C_LANGUAGE_STANDARD = gnu11;
				GCC_NO_COMMON_BLOCKS = YES;
				GCC_WARN_64_TO_32_BIT_CONVERSION = YES;
				GCC_WARN_ABOUT_RETURN_TYPE = YES_ERROR;
				GCC_WARN_UNDECLARED_SELECTOR = YES;
				GCC_WARN_UNINITIALIZED_AUTOS = YES_AGGRESSIVE;
				GCC_WARN_UNUSED_FUNCTION = YES;
				GCC_WARN_UNUSED_VARIABLE = YES;
				MACOSX_DEPLOYMENT_TARGET = 10.15;
				MTL_ENABLE_DEBUG_INFO = NO;
				MTL_FAST_MATH = YES;
				SDKROOT = macosx;
				SWIFT_COMPILATION_MODE = wholemodule;
				SWIFT_OPTIMIZATION_LEVEL = "-O";
			};
			name = Release;
		};
		E13E4DA223BDC0C600BB6CDE /* Debug */ = {
			isa = XCBuildConfiguration;
			buildSettings = {
				ASSETCATALOG_COMPILER_APPICON_NAME = AppIcon;
				CODE_SIGN_ENTITLEMENTS = "SwiftUI Talk/SwiftUI Talk.entitlements";
				CODE_SIGN_STYLE = Automatic;
				DERIVE_MACCATALYST_PRODUCT_BUNDLE_IDENTIFIER = YES;
				DEVELOPMENT_ASSET_PATHS = "\"SwiftUI Talk/Preview Content\"";
				DEVELOPMENT_TEAM = N7KJAM482Z;
				ENABLE_PREVIEWS = YES;
				INFOPLIST_FILE = "SwiftUI Talk/Info.plist";
				IPHONEOS_DEPLOYMENT_TARGET = 13.2;
				LD_RUNPATH_SEARCH_PATHS = (
					"$(inherited)",
					"@executable_path/Frameworks",
				);
				PRODUCT_BUNDLE_IDENTIFIER = "com.smilingrob.SwiftUI-Talk";
				PRODUCT_NAME = "$(TARGET_NAME)";
				SDKROOT = iphoneos;
				SUPPORTS_MACCATALYST = YES;
				SWIFT_VERSION = 5.0;
				TARGETED_DEVICE_FAMILY = "1,2";
			};
			name = Debug;
		};
		E13E4DA323BDC0C600BB6CDE /* Release */ = {
			isa = XCBuildConfiguration;
			buildSettings = {
				ASSETCATALOG_COMPILER_APPICON_NAME = AppIcon;
				CODE_SIGN_ENTITLEMENTS = "SwiftUI Talk/SwiftUI Talk.entitlements";
				CODE_SIGN_STYLE = Automatic;
				DERIVE_MACCATALYST_PRODUCT_BUNDLE_IDENTIFIER = YES;
				DEVELOPMENT_ASSET_PATHS = "\"SwiftUI Talk/Preview Content\"";
				DEVELOPMENT_TEAM = N7KJAM482Z;
				ENABLE_PREVIEWS = YES;
				INFOPLIST_FILE = "SwiftUI Talk/Info.plist";
				IPHONEOS_DEPLOYMENT_TARGET = 13.2;
				LD_RUNPATH_SEARCH_PATHS = (
					"$(inherited)",
					"@executable_path/Frameworks",
				);
				PRODUCT_BUNDLE_IDENTIFIER = "com.smilingrob.SwiftUI-Talk";
				PRODUCT_NAME = "$(TARGET_NAME)";
				SDKROOT = iphoneos;
				SUPPORTS_MACCATALYST = YES;
				SWIFT_VERSION = 5.0;
				TARGETED_DEVICE_FAMILY = "1,2";
				VALIDATE_PRODUCT = YES;
			};
			name = Release;
		};
/* End XCBuildConfiguration section */

/* Begin XCConfigurationList section */
		E102B9EF23BA851700FDE3BA /* Build configuration list for PBXProject "SwiftUITalk" */ = {
			isa = XCConfigurationList;
			buildConfigurations = (
				E102BA0523BA851800FDE3BA /* Debug */,
				E102BA0623BA851800FDE3BA /* Release */,
			);
			defaultConfigurationIsVisible = 0;
			defaultConfigurationName = Release;
		};
		E13E4DA123BDC0C600BB6CDE /* Build configuration list for PBXNativeTarget "SwiftUI Talk" */ = {
			isa = XCConfigurationList;
			buildConfigurations = (
				E13E4DA223BDC0C600BB6CDE /* Debug */,
				E13E4DA323BDC0C600BB6CDE /* Release */,
			);
			defaultConfigurationIsVisible = 0;
			defaultConfigurationName = Release;
		};
/* End XCConfigurationList section */
	};
	rootObject = E102B9EC23BA851700FDE3BA /* Project object */;
}
